// !$*UTF8*$!
{
	archiveVersion = 1;
	classes = {
	};
	objectVersion = 50;
	objects = {

/* Begin PBXBuildFile section */
		7040A2FE25BF0243009B5CE6 /* Tally_CounterApp.swift in Sources */ = {isa = PBXBuildFile; fileRef = 7040A2FD25BF0243009B5CE6 /* Tally_CounterApp.swift */; };
		7040A30025BF0243009B5CE6 /* ContentView.swift in Sources */ = {isa = PBXBuildFile; fileRef = 7040A2FF25BF0243009B5CE6 /* ContentView.swift */; };
		7040A30225BF0244009B5CE6 /* Assets.xcassets in Resources */ = {isa = PBXBuildFile; fileRef = 7040A30125BF0244009B5CE6 /* Assets.xcassets */; };
		7040A30525BF0244009B5CE6 /* Preview Assets.xcassets in Resources */ = {isa = PBXBuildFile; fileRef = 7040A30425BF0244009B5CE6 /* Preview Assets.xcassets */; };
		7040A30F25BF0EE5009B5CE6 /* Counter.swift in Sources */ = {isa = PBXBuildFile; fileRef = 7040A30E25BF0EE5009B5CE6 /* Counter.swift */; };
		7040A31925BF14D2009B5CE6 /* Tally_CounterTests.swift in Sources */ = {isa = PBXBuildFile; fileRef = 7040A31825BF14D2009B5CE6 /* Tally_CounterTests.swift */; };
/* End PBXBuildFile section */

/* Begin PBXContainerItemProxy section */
		7040A31B25BF14D2009B5CE6 /* PBXContainerItemProxy */ = {
			isa = PBXContainerItemProxy;
			containerPortal = 7040A2F225BF0243009B5CE6 /* Project object */;
			proxyType = 1;
			remoteGlobalIDString = 7040A2F925BF0243009B5CE6;
			remoteInfo = "Tally Counter";
		};
/* End PBXContainerItemProxy section */

/* Begin PBXFileReference section */
		7040A2FA25BF0243009B5CE6 /* Tally Counter.app */ = {isa = PBXFileReference; explicitFileType = wrapper.application; includeInIndex = 0; path = "Tally Counter.app"; sourceTree = BUILT_PRODUCTS_DIR; };
		7040A2FD25BF0243009B5CE6 /* Tally_CounterApp.swift */ = {isa = PBXFileReference; lastKnownFileType = sourcecode.swift; path = Tally_CounterApp.swift; sourceTree = "<group>"; };
		7040A2FF25BF0243009B5CE6 /* ContentView.swift */ = {isa = PBXFileReference; lastKnownFileType = sourcecode.swift; path = ContentView.swift; sourceTree = "<group>"; };
		7040A30125BF0244009B5CE6 /* Assets.xcassets */ = {isa = PBXFileReference; lastKnownFileType = folder.assetcatalog; path = Assets.xcassets; sourceTree = "<group>"; };
		7040A30425BF0244009B5CE6 /* Preview Assets.xcassets */ = {isa = PBXFileReference; lastKnownFileType = folder.assetcatalog; path = "Preview Assets.xcassets"; sourceTree = "<group>"; };
		7040A30625BF0244009B5CE6 /* Info.plist */ = {isa = PBXFileReference; lastKnownFileType = text.plist.xml; path = Info.plist; sourceTree = "<group>"; };
		7040A30E25BF0EE5009B5CE6 /* Counter.swift */ = {isa = PBXFileReference; lastKnownFileType = sourcecode.swift; path = Counter.swift; sourceTree = "<group>"; };
		7040A31625BF14D2009B5CE6 /* Tally CounterTests.xctest */ = {isa = PBXFileReference; explicitFileType = wrapper.cfbundle; includeInIndex = 0; path = "Tally CounterTests.xctest"; sourceTree = BUILT_PRODUCTS_DIR; };
		7040A31825BF14D2009B5CE6 /* Tally_CounterTests.swift */ = {isa = PBXFileReference; lastKnownFileType = sourcecode.swift; path = Tally_CounterTests.swift; sourceTree = "<group>"; };
		7040A31A25BF14D2009B5CE6 /* Info.plist */ = {isa = PBXFileReference; lastKnownFileType = text.plist.xml; path = Info.plist; sourceTree = "<group>"; };
/* End PBXFileReference section */

/* Begin PBXFrameworksBuildPhase section */
		7040A2F725BF0243009B5CE6 /* Frameworks */ = {
			isa = PBXFrameworksBuildPhase;
			buildActionMask = 2147483647;
			files = (
			);
			runOnlyForDeploymentPostprocessing = 0;
		};
		7040A31325BF14D2009B5CE6 /* Frameworks */ = {
			isa = PBXFrameworksBuildPhase;
			buildActionMask = 2147483647;
			files = (
			);
			runOnlyForDeploymentPostprocessing = 0;
		};
/* End PBXFrameworksBuildPhase section */

/* Begin PBXGroup section */
		7040A2F125BF0243009B5CE6 = {
			isa = PBXGroup;
			children = (
				7040A2FC25BF0243009B5CE6 /* Tally Counter */,
				7040A31725BF14D2009B5CE6 /* Tally CounterTests */,
				7040A2FB25BF0243009B5CE6 /* Products */,
			);
			sourceTree = "<group>";
		};
		7040A2FB25BF0243009B5CE6 /* Products */ = {
			isa = PBXGroup;
			children = (
				7040A2FA25BF0243009B5CE6 /* Tally Counter.app */,
				7040A31625BF14D2009B5CE6 /* Tally CounterTests.xctest */,
			);
			name = Products;
			sourceTree = "<group>";
		};
		7040A2FC25BF0243009B5CE6 /* Tally Counter */ = {
			isa = PBXGroup;
			children = (
				7040A2FD25BF0243009B5CE6 /* Tally_CounterApp.swift */,
				7040A30125BF0244009B5CE6 /* Assets.xcassets */,
				7040A2FF25BF0243009B5CE6 /* ContentView.swift */,
				7040A30D25BF0EA6009B5CE6 /* Model */,
				7040A30625BF0244009B5CE6 /* Info.plist */,
				7040A30325BF0244009B5CE6 /* Preview Content */,
			);
			path = "Tally Counter";
			sourceTree = "<group>";
		};
		7040A30325BF0244009B5CE6 /* Preview Content */ = {
			isa = PBXGroup;
			children = (
				7040A30425BF0244009B5CE6 /* Preview Assets.xcassets */,
			);
			path = "Preview Content";
			sourceTree = "<group>";
		};
		7040A30D25BF0EA6009B5CE6 /* Model */ = {
			isa = PBXGroup;
			children = (
				7040A30E25BF0EE5009B5CE6 /* Counter.swift */,
			);
			path = Model;
			sourceTree = "<group>";
		};
		7040A31725BF14D2009B5CE6 /* Tally CounterTests */ = {
			isa = PBXGroup;
			children = (
				7040A31825BF14D2009B5CE6 /* Tally_CounterTests.swift */,
				7040A31A25BF14D2009B5CE6 /* Info.plist */,
			);
			path = "Tally CounterTests";
			sourceTree = "<group>";
		};
/* End PBXGroup section */

/* Begin PBXNativeTarget section */
		7040A2F925BF0243009B5CE6 /* Tally Counter */ = {
			isa = PBXNativeTarget;
			buildConfigurationList = 7040A30925BF0244009B5CE6 /* Build configuration list for PBXNativeTarget "Tally Counter" */;
			buildPhases = (
				7040A2F625BF0243009B5CE6 /* Sources */,
				7040A2F725BF0243009B5CE6 /* Frameworks */,
				7040A2F825BF0243009B5CE6 /* Resources */,
			);
			buildRules = (
			);
			dependencies = (
			);
			name = "Tally Counter";
			productName = "Tally Counter";
			productReference = 7040A2FA25BF0243009B5CE6 /* Tally Counter.app */;
			productType = "com.apple.product-type.application";
		};
		7040A31525BF14D2009B5CE6 /* Tally CounterTests */ = {
			isa = PBXNativeTarget;
			buildConfigurationList = 7040A31D25BF14D2009B5CE6 /* Build configuration list for PBXNativeTarget "Tally CounterTests" */;
			buildPhases = (
				7040A31225BF14D2009B5CE6 /* Sources */,
				7040A31325BF14D2009B5CE6 /* Frameworks */,
				7040A31425BF14D2009B5CE6 /* Resources */,
			);
			buildRules = (
			);
			dependencies = (
				7040A31C25BF14D2009B5CE6 /* PBXTargetDependency */,
			);
			name = "Tally CounterTests";
			productName = "Tally CounterTests";
			productReference = 7040A31625BF14D2009B5CE6 /* Tally CounterTests.xctest */;
			productType = "com.apple.product-type.bundle.unit-test";
		};
/* End PBXNativeTarget section */

/* Begin PBXProject section */
		7040A2F225BF0243009B5CE6 /* Project object */ = {
			isa = PBXProject;
			attributes = {
				LastSwiftUpdateCheck = 1230;
				LastUpgradeCheck = 1230;
				TargetAttributes = {
					7040A2F925BF0243009B5CE6 = {
						CreatedOnToolsVersion = 12.3;
					};
					7040A31525BF14D2009B5CE6 = {
						CreatedOnToolsVersion = 12.3;
						TestTargetID = 7040A2F925BF0243009B5CE6;
					};
				};
			};
			buildConfigurationList = 7040A2F525BF0243009B5CE6 /* Build configuration list for PBXProject "Tally Counter" */;
			compatibilityVersion = "Xcode 9.3";
			developmentRegion = en;
			hasScannedForEncodings = 0;
			knownRegions = (
				en,
				Base,
			);
			mainGroup = 7040A2F125BF0243009B5CE6;
			productRefGroup = 7040A2FB25BF0243009B5CE6 /* Products */;
			projectDirPath = "";
			projectRoot = "";
			targets = (
				7040A2F925BF0243009B5CE6 /* Tally Counter */,
				7040A31525BF14D2009B5CE6 /* Tally CounterTests */,
			);
		};
/* End PBXProject section */

/* Begin PBXResourcesBuildPhase section */
		7040A2F825BF0243009B5CE6 /* Resources */ = {
			isa = PBXResourcesBuildPhase;
			buildActionMask = 2147483647;
			files = (
				7040A30525BF0244009B5CE6 /* Preview Assets.xcassets in Resources */,
				7040A30225BF0244009B5CE6 /* Assets.xcassets in Resources */,
			);
			runOnlyForDeploymentPostprocessing = 0;
		};
		7040A31425BF14D2009B5CE6 /* Resources */ = {
			isa = PBXResourcesBuildPhase;
			buildActionMask = 2147483647;
			files = (
			);
			runOnlyForDeploymentPostprocessing = 0;
		};
/* End PBXResourcesBuildPhase section */

/* Begin PBXSourcesBuildPhase section */
		7040A2F625BF0243009B5CE6 /* Sources */ = {
			isa = PBXSourcesBuildPhase;
			buildActionMask = 2147483647;
			files = (
				7040A30025BF0243009B5CE6 /* ContentView.swift in Sources */,
				7040A2FE25BF0243009B5CE6 /* Tally_CounterApp.swift in Sources */,
				7040A30F25BF0EE5009B5CE6 /* Counter.swift in Sources */,
			);
			runOnlyForDeploymentPostprocessing = 0;
		};
		7040A31225BF14D2009B5CE6 /* Sources */ = {
			isa = PBXSourcesBuildPhase;
			buildActionMask = 2147483647;
			files = (
				7040A31925BF14D2009B5CE6 /* Tally_CounterTests.swift in Sources */,
			);
			runOnlyForDeploymentPostprocessing = 0;
		};
/* End PBXSourcesBuildPhase section */

/* Begin PBXTargetDependency section */
		7040A31C25BF14D2009B5CE6 /* PBXTargetDependency */ = {
			isa = PBXTargetDependency;
			target = 7040A2F925BF0243009B5CE6 /* Tally Counter */;
			targetProxy = 7040A31B25BF14D2009B5CE6 /* PBXContainerItemProxy */;
		};
/* End PBXTargetDependency section */

/* Begin XCBuildConfiguration section */
		7040A30725BF0244009B5CE6 /* Debug */ = {
			isa = XCBuildConfiguration;
			buildSettings = {
				ALWAYS_SEARCH_USER_PATHS = NO;
				CLANG_ANALYZER_NONNULL = YES;
				CLANG_ANALYZER_NUMBER_OBJECT_CONVERSION = YES_AGGRESSIVE;
				CLANG_CXX_LANGUAGE_STANDARD = "gnu++14";
				CLANG_CXX_LIBRARY = "libc++";
				CLANG_ENABLE_MODULES = YES;
				CLANG_ENABLE_OBJC_ARC = YES;
				CLANG_ENABLE_OBJC_WEAK = YES;
				CLANG_WARN_BLOCK_CAPTURE_AUTORELEASING = YES;
				CLANG_WARN_BOOL_CONVERSION = YES;
				CLANG_WARN_COMMA = YES;
				CLANG_WARN_CONSTANT_CONVERSION = YES;
				CLANG_WARN_DEPRECATED_OBJC_IMPLEMENTATIONS = YES;
				CLANG_WARN_DIRECT_OBJC_ISA_USAGE = YES_ERROR;
				CLANG_WARN_DOCUMENTATION_COMMENTS = YES;
				CLANG_WARN_EMPTY_BODY = YES;
				CLANG_WARN_ENUM_CONVERSION = YES;
				CLANG_WARN_INFINITE_RECURSION = YES;
				CLANG_WARN_INT_CONVERSION = YES;
				CLANG_WARN_NON_LITERAL_NULL_CONVERSION = YES;
				CLANG_WARN_OBJC_IMPLICIT_RETAIN_SELF = YES;
				CLANG_WARN_OBJC_LITERAL_CONVERSION = YES;
				CLANG_WARN_OBJC_ROOT_CLASS = YES_ERROR;
				CLANG_WARN_QUOTED_INCLUDE_IN_FRAMEWORK_HEADER = YES;
				CLANG_WARN_RANGE_LOOP_ANALYSIS = YES;
				CLANG_WARN_STRICT_PROTOTYPES = YES;
				CLANG_WARN_SUSPICIOUS_MOVE = YES;
				CLANG_WARN_UNGUARDED_AVAILABILITY = YES_AGGRESSIVE;
				CLANG_WARN_UNREACHABLE_CODE = YES;
				CLANG_WARN__DUPLICATE_METHOD_MATCH = YES;
				COPY_PHASE_STRIP = NO;
				DEBUG_INFORMATION_FORMAT = dwarf;
				ENABLE_STRICT_OBJC_MSGSEND = YES;
				ENABLE_TESTABILITY = YES;
				GCC_C_LANGUAGE_STANDARD = gnu11;
				GCC_DYNAMIC_NO_PIC = NO;
				GCC_NO_COMMON_BLOCKS = YES;
				GCC_OPTIMIZATION_LEVEL = 0;
				GCC_PREPROCESSOR_DEFINITIONS = (
					"DEBUG=1",
					"$(inherited)",
				);
				GCC_WARN_64_TO_32_BIT_CONVERSION = YES;
				GCC_WARN_ABOUT_RETURN_TYPE = YES_ERROR;
				GCC_WARN_UNDECLARED_SELECTOR = YES;
				GCC_WARN_UNINITIALIZED_AUTOS = YES_AGGRESSIVE;
				GCC_WARN_UNUSED_FUNCTION = YES;
				GCC_WARN_UNUSED_VARIABLE = YES;
				IPHONEOS_DEPLOYMENT_TARGET = 14.3;
				MTL_ENABLE_DEBUG_INFO = INCLUDE_SOURCE;
				MTL_FAST_MATH = YES;
				ONLY_ACTIVE_ARCH = YES;
				SDKROOT = iphoneos;
				SWIFT_ACTIVE_COMPILATION_CONDITIONS = DEBUG;
				SWIFT_OPTIMIZATION_LEVEL = "-Onone";
			};
			name = Debug;
		};
		7040A30825BF0244009B5CE6 /* Release */ = {
			isa = XCBuildConfiguration;
			buildSettings = {
				ALWAYS_SEARCH_USER_PATHS = NO;
				CLANG_ANALYZER_NONNULL = YES;
				CLANG_ANALYZER_NUMBER_OBJECT_CONVERSION = YES_AGGRESSIVE;
				CLANG_CXX_LANGUAGE_STANDARD = "gnu++14";
				CLANG_CXX_LIBRARY = "libc++";
				CLANG_ENABLE_MODULES = YES;
				CLANG_ENABLE_OBJC_ARC = YES;
				CLANG_ENABLE_OBJC_WEAK = YES;
				CLANG_WARN_BLOCK_CAPTURE_AUTORELEASING = YES;
				CLANG_WARN_BOOL_CONVERSION = YES;
				CLANG_WARN_COMMA = YES;
				CLANG_WARN_CONSTANT_CONVERSION = YES;
				CLANG_WARN_DEPRECATED_OBJC_IMPLEMENTATIONS = YES;
				CLANG_WARN_DIRECT_OBJC_ISA_USAGE = YES_ERROR;
				CLANG_WARN_DOCUMENTATION_COMMENTS = YES;
				CLANG_WARN_EMPTY_BODY = YES;
				CLANG_WARN_ENUM_CONVERSION = YES;
				CLANG_WARN_INFINITE_RECURSION = YES;
				CLANG_WARN_INT_CONVERSION = YES;
				CLANG_WARN_NON_LITERAL_NULL_CONVERSION = YES;
				CLANG_WARN_OBJC_IMPLICIT_RETAIN_SELF = YES;
				CLANG_WARN_OBJC_LITERAL_CONVERSION = YES;
				CLANG_WARN_OBJC_ROOT_CLASS = YES_ERROR;
				CLANG_WARN_QUOTED_INCLUDE_IN_FRAMEWORK_HEADER = YES;
				CLANG_WARN_RANGE_LOOP_ANALYSIS = YES;
				CLANG_WARN_STRICT_PROTOTYPES = YES;
				CLANG_WARN_SUSPICIOUS_MOVE = YES;
				CLANG_WARN_UNGUARDED_AVAILABILITY = YES_AGGRESSIVE;
				CLANG_WARN_UNREACHABLE_CODE = YES;
				CLANG_WARN__DUPLICATE_METHOD_MATCH = YES;
				COPY_PHASE_STRIP = NO;
				DEBUG_INFORMATION_FORMAT = "dwarf-with-dsym";
				ENABLE_NS_ASSERTIONS = NO;
				ENABLE_STRICT_OBJC_MSGSEND = YES;
				GCC_C_LANGUAGE_STANDARD = gnu11;
				GCC_NO_COMMON_BLOCKS = YES;
				GCC_WARN_64_TO_32_BIT_CONVERSION = YES;
				GCC_WARN_ABOUT_RETURN_TYPE = YES_ERROR;
				GCC_WARN_UNDECLARED_SELECTOR = YES;
				GCC_WARN_UNINITIALIZED_AUTOS = YES_AGGRESSIVE;
				GCC_WARN_UNUSED_FUNCTION = YES;
				GCC_WARN_UNUSED_VARIABLE = YES;
				IPHONEOS_DEPLOYMENT_TARGET = 14.3;
				MTL_ENABLE_DEBUG_INFO = NO;
				MTL_FAST_MATH = YES;
				SDKROOT = iphoneos;
				SWIFT_COMPILATION_MODE = wholemodule;
				SWIFT_OPTIMIZATION_LEVEL = "-O";
				VALIDATE_PRODUCT = YES;
			};
			name = Release;
		};
		7040A30A25BF0244009B5CE6 /* Debug */ = {
			isa = XCBuildConfiguration;
			buildSettings = {
				ASSETCATALOG_COMPILER_APPICON_NAME = AppIcon;
				ASSETCATALOG_COMPILER_GLOBAL_ACCENT_COLOR_NAME = AccentColor;
				CODE_SIGN_STYLE = Automatic;
				DEVELOPMENT_ASSET_PATHS = "\"Tally Counter/Preview Content\"";
				DEVELOPMENT_TEAM = C625QPFG8X;
				ENABLE_PREVIEWS = YES;
				INFOPLIST_FILE = "Tally Counter/Info.plist";
				IPHONEOS_DEPLOYMENT_TARGET = 14.0;
				LD_RUNPATH_SEARCH_PATHS = (
					"$(inherited)",
					"@executable_path/Frameworks",
				);
				PRODUCT_BUNDLE_IDENTIFIER = "com.arrinal.Tally-Counter";
				PRODUCT_NAME = "$(TARGET_NAME)";
				SWIFT_VERSION = 5.0;
				TARGETED_DEVICE_FAMILY = "1,2";
			};
			name = Debug;
		};
		7040A30B25BF0244009B5CE6 /* Release */ = {
			isa = XCBuildConfiguration;
			buildSettings = {
				ASSETCATALOG_COMPILER_APPICON_NAME = AppIcon;
				ASSETCATALOG_COMPILER_GLOBAL_ACCENT_COLOR_NAME = AccentColor;
				CODE_SIGN_STYLE = Automatic;
				DEVELOPMENT_ASSET_PATHS = "\"Tally Counter/Preview Content\"";
				DEVELOPMENT_TEAM = C625QPFG8X;
				ENABLE_PREVIEWS = YES;
				INFOPLIST_FILE = "Tally Counter/Info.plist";
				IPHONEOS_DEPLOYMENT_TARGET = 14.0;
				LD_RUNPATH_SEARCH_PATHS = (
					"$(inherited)",
					"@executable_path/Frameworks",
				);
				PRODUCT_BUNDLE_IDENTIFIER = "com.arrinal.Tally-Counter";
				PRODUCT_NAME = "$(TARGET_NAME)";
				SWIFT_VERSION = 5.0;
				TARGETED_DEVICE_FAMILY = "1,2";
			};
			name = Release;
		};
		7040A31E25BF14D2009B5CE6 /* Debug */ = {
			isa = XCBuildConfiguration;
			buildSettings = {
				BUNDLE_LOADER = "$(TEST_HOST)";
				CODE_SIGN_STYLE = Automatic;
				DEVELOPMENT_TEAM = C625QPFG8X;
				INFOPLIST_FILE = "Tally CounterTests/Info.plist";
				LD_RUNPATH_SEARCH_PATHS = (
					"$(inherited)",
					"@executable_path/Frameworks",
					"@loader_path/Frameworks",
				);
				PRODUCT_BUNDLE_IDENTIFIER = "com.arrinal.Tally-CounterTests";
				PRODUCT_NAME = "$(TARGET_NAME)";
				SWIFT_VERSION = 5.0;
				TARGETED_DEVICE_FAMILY = "1,2";
				TEST_HOST = "$(BUILT_PRODUCTS_DIR)/Tally Counter.app/Tally Counter";
			};
			name = Debug;
		};
		7040A31F25BF14D2009B5CE6 /* Release */ = {
			isa = XCBuildConfiguration;
			buildSettings = {
				BUNDLE_LOADER = "$(TEST_HOST)";
				CODE_SIGN_STYLE = Automatic;
				DEVELOPMENT_TEAM = C625QPFG8X;
				INFOPLIST_FILE = "Tally CounterTests/Info.plist";
				LD_RUNPATH_SEARCH_PATHS = (
					"$(inherited)",
					"@executable_path/Frameworks",
					"@loader_path/Frameworks",
				);
				PRODUCT_BUNDLE_IDENTIFIER = "com.arrinal.Tally-CounterTests";
				PRODUCT_NAME = "$(TARGET_NAME)";
				SWIFT_VERSION = 5.0;
				TARGETED_DEVICE_FAMILY = "1,2";
				TEST_HOST = "$(BUILT_PRODUCTS_DIR)/Tally Counter.app/Tally Counter";
			};
			name = Release;
		};
/* End XCBuildConfiguration section */

/* Begin XCConfigurationList section */
		7040A2F525BF0243009B5CE6 /* Build configuration list for PBXProject "Tally Counter" */ = {
			isa = XCConfigurationList;
			buildConfigurations = (
				7040A30725BF0244009B5CE6 /* Debug */,
				7040A30825BF0244009B5CE6 /* Release */,
			);
			defaultConfigurationIsVisible = 0;
			defaultConfigurationName = Release;
		};
		7040A30925BF0244009B5CE6 /* Build configuration list for PBXNativeTarget "Tally Counter" */ = {
			isa = XCConfigurationList;
			buildConfigurations = (
				7040A30A25BF0244009B5CE6 /* Debug */,
				7040A30B25BF0244009B5CE6 /* Release */,
			);
			defaultConfigurationIsVisible = 0;
			defaultConfigurationName = Release;
		};
		7040A31D25BF14D2009B5CE6 /* Build configuration list for PBXNativeTarget "Tally CounterTests" */ = {
			isa = XCConfigurationList;
			buildConfigurations = (
				7040A31E25BF14D2009B5CE6 /* Debug */,
				7040A31F25BF14D2009B5CE6 /* Release */,
			);
			defaultConfigurationIsVisible = 0;
			defaultConfigurationName = Release;
		};
/* End XCConfigurationList section */
	};
	rootObject = 7040A2F225BF0243009B5CE6 /* Project object */;
}
